{
  "name": "autocomplete2.aws.dk",
  "version": "1.0.3",
  "lockfileVersion": 2,
  "requires": true,
  "packages": {
    "": {
      "name": "autocomplete2.aws.dk",
      "version": "1.0.3",
      "license": "MIT",
      "dependencies": {
        "dawa-autocomplete2": "0.13.0"
      },
      "devDependencies": {}
    },
    "node_modules/dawa-autocomplete2": {
      "version": "0.13.0",
      "resolved": "https://registry.npmjs.org/dawa-autocomplete2/-/dawa-autocomplete2-0.13.0.tgz",
      "integrity": "sha512-SJncJT5pWp7EFJkFmHfbXZcaS5FV+Ujgsb9byD20W1jFoL3gmA41w7DAti1cZDLpiTOuE5HlehJ1u5arcDBOhw=="
    }
  },
  "dependencies": {
    "dawa-autocomplete2": {
      "version": "0.13.0",
      "resolved": "https://registry.npmjs.org/dawa-autocomplete2/-/dawa-autocomplete2-0.13.0.tgz",
      "integrity": "sha512-SJncJT5pWp7EFJkFmHfbXZcaS5FV+Ujgsb9byD20W1jFoL3gmA41w7DAti1cZDLpiTOuE5HlehJ1u5arcDBOhw=="
    }
  }
}
